// !$*UTF8*$!
{
	archiveVersion = 1;
	classes = {
	};
	objectVersion = 77;
	objects = {

/* Begin PBXContainerItemProxy section */
		0A0000000000000000000048 /* PBXContainerItemProxy */ = {
			isa = PBXContainerItemProxy;
			containerPortal = 0A0000000000000000000001 /* Project object */;
			proxyType = 1;
			remoteGlobalIDString = 0A0000000000000000000030;
			remoteInfo = SignatureAPIDemo;
		};
/* End PBXContainerItemProxy section */

/* Begin PBXFileReference section */
		0A0000000000000000000010 /* SignatureAPIDemo.app */ = {isa = PBXFileReference; explicitFileType = wrapper.application; includeInIndex = 0; path = SignatureAPIDemo.app; sourceTree = BUILT_PRODUCTS_DIR; };
		0A0000000000000000000011 /* SignatureAPIDemoUITests.xctest */ = {isa = PBXFileReference; explicitFileType = wrapper.cfbundle; includeInIndex = 0; path = SignatureAPIDemoUITests.xctest; sourceTree = BUILT_PRODUCTS_DIR; };
/* End PBXFileReference section */

/* Begin PBXFileSystemSynchronizedRootGroup section */
		0A0000000000000000000020 /* SignatureAPIDemo */ = {isa = PBXFileSystemSynchronizedRootGroup; path = SignatureAPIDemo; sourceTree = "<group>"; };
		0A0000000000000000000022 /* SignatureAPIDemoUITests */ = {isa = PBXFileSystemSynchronizedRootGroup; path = SignatureAPIDemoUITests; sourceTree = "<group>"; };
		0A0000000000000000000023 /* Fonts */ = {isa = PBXFileSystemSynchronizedRootGroup; name = Fonts; path = ../design/fonts; sourceTree = "<group>"; };
/* End PBXFileSystemSynchronizedRootGroup section */

/* Begin PBXFrameworksBuildPhase section */
		0A0000000000000000000032 /* Frameworks */ = {
			isa = PBXFrameworksBuildPhase;
			buildActionMask = 2147483647;
			files = (
			);
			runOnlyForDeploymentPostprocessing = 0;
		};
		0A0000000000000000000042 /* Frameworks */ = {
			isa = PBXFrameworksBuildPhase;
			buildActionMask = 2147483647;
			files = (
			);
			runOnlyForDeploymentPostprocessing = 0;
		};
/* End PBXFrameworksBuildPhase section */

/* Begin PBXGroup section */
		0A0000000000000000000002 = {
			isa = PBXGroup;
			children = (
				0A0000000000000000000020 /* SignatureAPIDemo */,
				0A0000000000000000000023 /* Fonts */,
				0A0000000000000000000022 /* SignatureAPIDemoUITests */,
				0A0000000000000000000003 /* Products */,
			);
			sourceTree = "<group>";
		};
		0A0000000000000000000003 /* Products */ = {
			isa = PBXGroup;
			children = (
				0A0000000000000000000010 /* SignatureAPIDemo.app */,
				0A0000000000000000000011 /* SignatureAPIDemoUITests.xctest */,
			);
			name = Products;
			sourceTree = "<group>";
		};
/* End PBXGroup section */

/* Begin PBXNativeTarget section */
		0A0000000000000000000030 /* SignatureAPIDemo */ = {
			isa = PBXNativeTarget;
			buildConfigurationList = 0A0000000000000000000034 /* Build configuration list for PBXNativeTarget "SignatureAPIDemo" */;
			buildPhases = (
				0A0000000000000000000031 /* Sources */,
				0A0000000000000000000032 /* Frameworks */,
				0A0000000000000000000033 /* Resources */,
			);
			buildRules = (
			);
			dependencies = (
			);
			fileSystemSynchronizedGroups = (
				0A0000000000000000000020 /* SignatureAPIDemo */,
				0A0000000000000000000023 /* Fonts */,
			);
			name = SignatureAPIDemo;
			packageProductDependencies = (
			);
			productName = SignatureAPIDemo;
			productReference = 0A0000000000000000000010 /* SignatureAPIDemo.app */;
			productType = "com.apple.product-type.application";
		};
		0A0000000000000000000040 /* SignatureAPIDemoUITests */ = {
			isa = PBXNativeTarget;
			buildConfigurationList = 0A0000000000000000000044 /* Build configuration list for PBXNativeTarget "SignatureAPIDemoUITests" */;
			buildPhases = (
				0A0000000000000000000041 /* Sources */,
				0A0000000000000000000042 /* Frameworks */,
				0A0000000000000000000043 /* Resources */,
			);
			buildRules = (
			);
			dependencies = (
				0A0000000000000000000047 /* PBXTargetDependency */,
			);
			fileSystemSynchronizedGroups = (
				0A0000000000000000000022 /* SignatureAPIDemoUITests */,
			);
			name = SignatureAPIDemoUITests;
			packageProductDependencies = (
			);
			productName = SignatureAPIDemoUITests;
			productReference = 0A0000000000000000000011 /* SignatureAPIDemoUITests.xctest */;
			productType = "com.apple.product-type.bundle.ui-testing";
		};
/* End PBXNativeTarget section */

/* Begin PBXProject section */
		0A0000000000000000000001 /* Project object */ = {
			isa = PBXProject;
			attributes = {
				BuildIndependentTargetsInParallel = 1;
				LastSwiftUpdateCheck = 2640;
				LastUpgradeCheck = 2640;
				TargetAttributes = {
					0A0000000000000000000030 = {
						CreatedOnToolsVersion = 26.4;
					};
					0A0000000000000000000040 = {
						CreatedOnToolsVersion = 26.4;
						TestTargetID = 0A0000000000000000000030;
					};
				};
			};
			buildConfigurationList = 0A0000000000000000000050 /* Build configuration list for PBXProject "SignatureAPIDemo" */;
			developmentRegion = en;
			hasScannedForEncodings = 0;
			knownRegions = (
				en,
				Base,
			);
			mainGroup = 0A0000000000000000000002;
			minimizedProjectReferenceProxies = 1;
			preferredProjectObjectVersion = 77;
			productRefGroup = 0A0000000000000000000003 /* Products */;
			projectDirPath = "";
			projectRoot = "";
			targets = (
				0A0000000000000000000030 /* SignatureAPIDemo */,
				0A0000000000000000000040 /* SignatureAPIDemoUITests */,
			);
		};
/* End PBXProject section */

/* Begin PBXResourcesBuildPhase section */
		0A0000000000000000000033 /* Resources */ = {
			isa = PBXResourcesBuildPhase;
			buildActionMask = 2147483647;
			files = (
			);
			runOnlyForDeploymentPostprocessing = 0;
		};
		0A0000000000000000000043 /* Resources */ = {
			isa = PBXResourcesBuildPhase;
			buildActionMask = 2147483647;
			files = (
			);
			runOnlyForDeploymentPostprocessing = 0;
		};
/* End PBXResourcesBuildPhase section */

/* Begin PBXSourcesBuildPhase section */
		0A0000000000000000000031 /* Sources */ = {
			isa = PBXSourcesBuildPhase;
			buildActionMask = 2147483647;
			files = (
			);
			runOnlyForDeploymentPostprocessing = 0;
		};
		0A0000000000000000000041 /* Sources */ = {
			isa = PBXSourcesBuildPhase;
			buildActionMask = 2147483647;
			files = (
			);
			runOnlyForDeploymentPostprocessing = 0;
		};
/* End PBXSourcesBuildPhase section */

/* Begin PBXTargetDependency section */
		0A0000000000000000000047 /* PBXTargetDependency */ = {
			isa = PBXTargetDependency;
			target = 0A0000000000000000000030 /* SignatureAPIDemo */;
			targetProxy = 0A0000000000000000000048 /* PBXContainerItemProxy */;
		};
/* End PBXTargetDependency section */

/* Begin XCBuildConfiguration section */
		0A0000000000000000000051 /* Debug */ = {
			isa = XCBuildConfiguration;
			buildSettings = {
				ALWAYS_SEARCH_USER_PATHS = NO;
				CLANG_ENABLE_MODULES = YES;
				CLANG_ENABLE_OBJC_ARC = YES;
				COPY_PHASE_STRIP = NO;
				DEBUG_INFORMATION_FORMAT = dwarf;
				ENABLE_STRICT_OBJC_MSGSEND = YES;
				ENABLE_TESTABILITY = YES;
				ENABLE_USER_SCRIPT_SANDBOXING = YES;
				GCC_OPTIMIZATION_LEVEL = 0;
				GCC_PREPROCESSOR_DEFINITIONS = (
					"DEBUG=1",
					"$(inherited)",
				);
				IPHONEOS_DEPLOYMENT_TARGET = 17.0;
				MTL_ENABLE_DEBUG_INFO = INCLUDE_SOURCE;
				ONLY_ACTIVE_ARCH = YES;
				SDKROOT = iphoneos;
				SWIFT_ACTIVE_COMPILATION_CONDITIONS = "DEBUG $(inherited)";
				SWIFT_OPTIMIZATION_LEVEL = "-Onone";
			};
			name = Debug;
		};
		0A0000000000000000000052 /* Release */ = {
			isa = XCBuildConfiguration;
			buildSettings = {
				ALWAYS_SEARCH_USER_PATHS = NO;
				CLANG_ENABLE_MODULES = YES;
				CLANG_ENABLE_OBJC_ARC = YES;
				COPY_PHASE_STRIP = NO;
				DEBUG_INFORMATION_FORMAT = "dwarf-with-dsym";
				ENABLE_NS_ASSERTIONS = NO;
				ENABLE_STRICT_OBJC_MSGSEND = YES;
				ENABLE_USER_SCRIPT_SANDBOXING = YES;
				IPHONEOS_DEPLOYMENT_TARGET = 17.0;
				MTL_ENABLE_DEBUG_INFO = NO;
				SDKROOT = iphoneos;
				SWIFT_COMPILATION_MODE = wholemodule;
				VALIDATE_PRODUCT = YES;
			};
			name = Release;
		};
		0A0000000000000000000035 /* Debug */ = {
			isa = XCBuildConfiguration;
			buildSettings = {
				CODE_SIGN_STYLE = Automatic;
				CURRENT_PROJECT_VERSION = 1;
				DEMO_SERVER_URL = "http://localhost:3000";
				DEVELOPMENT_TEAM = "";
				ENABLE_PREVIEWS = YES;
				GENERATE_INFOPLIST_FILE = YES;
				INFOPLIST_FILE = Config/Info.plist;
				INFOPLIST_KEY_CFBundleDisplayName = "SignatureAPI Demo";
				INFOPLIST_KEY_UIApplicationSceneManifest_Generation = YES;
				INFOPLIST_KEY_UILaunchScreen_Generation = YES;
				INFOPLIST_KEY_UISupportedInterfaceOrientations = "UIInterfaceOrientationPortrait UIInterfaceOrientationLandscapeLeft UIInterfaceOrientationLandscapeRight";
				INFOPLIST_KEY_UISupportedInterfaceOrientations_iPad = "UIInterfaceOrientationPortrait UIInterfaceOrientationPortraitUpsideDown UIInterfaceOrientationLandscapeLeft UIInterfaceOrientationLandscapeRight";
				MARKETING_VERSION = 1.0;
				PRODUCT_BUNDLE_IDENTIFIER = com.signatureapi.demo.mobile;
				PRODUCT_NAME = "$(TARGET_NAME)";
				SWIFT_APPROACHABLE_CONCURRENCY = YES;
				SWIFT_DEFAULT_ACTOR_ISOLATION = MainActor;
				SWIFT_EMIT_LOC_STRINGS = YES;
				SWIFT_VERSION = 6.0;
				TARGETED_DEVICE_FAMILY = "1,2";
			};
			name = Debug;
		};
		0A0000000000000000000036 /* Release */ = {
			isa = XCBuildConfiguration;
			buildSettings = {
				CODE_SIGN_STYLE = Automatic;
				CURRENT_PROJECT_VERSION = 1;
				DEMO_SERVER_URL = "http://localhost:3000";
				DEVELOPMENT_TEAM = "";
				ENABLE_PREVIEWS = YES;
				GENERATE_INFOPLIST_FILE = YES;
				INFOPLIST_FILE = Config/Info.plist;
				INFOPLIST_KEY_CFBundleDisplayName = "SignatureAPI Demo";
				INFOPLIST_KEY_UIApplicationSceneManifest_Generation = YES;
				INFOPLIST_KEY_UILaunchScreen_Generation = YES;
				INFOPLIST_KEY_UISupportedInterfaceOrientations = "UIInterfaceOrientationPortrait UIInterfaceOrientationLandscapeLeft UIInterfaceOrientationLandscapeRight";
				INFOPLIST_KEY_UISupportedInterfaceOrientations_iPad = "UIInterfaceOrientationPortrait UIInterfaceOrientationPortraitUpsideDown UIInterfaceOrientationLandscapeLeft UIInterfaceOrientationLandscapeRight";
				MARKETING_VERSION = 1.0;
				PRODUCT_BUNDLE_IDENTIFIER = com.signatureapi.demo.mobile;
				PRODUCT_NAME = "$(TARGET_NAME)";
				SWIFT_APPROACHABLE_CONCURRENCY = YES;
				SWIFT_DEFAULT_ACTOR_ISOLATION = MainActor;
				SWIFT_EMIT_LOC_STRINGS = YES;
				SWIFT_VERSION = 6.0;
				TARGETED_DEVICE_FAMILY = "1,2";
			};
			name = Release;
		};
		0A0000000000000000000045 /* Debug */ = {
			isa = XCBuildConfiguration;
			buildSettings = {
				CODE_SIGN_STYLE = Automatic;
				CURRENT_PROJECT_VERSION = 1;
				DEVELOPMENT_TEAM = "";
				GENERATE_INFOPLIST_FILE = YES;
				MARKETING_VERSION = 1.0;
				PRODUCT_BUNDLE_IDENTIFIER = com.signatureapi.demo.mobile.uitests;
				PRODUCT_NAME = "$(TARGET_NAME)";
				SWIFT_APPROACHABLE_CONCURRENCY = YES;
				SWIFT_VERSION = 6.0;
				TARGETED_DEVICE_FAMILY = "1,2";
				TEST_TARGET_NAME = SignatureAPIDemo;
			};
			name = Debug;
		};
		0A0000000000000000000046 /* Release */ = {
			isa = XCBuildConfiguration;
			buildSettings = {
				CODE_SIGN_STYLE = Automatic;
				CURRENT_PROJECT_VERSION = 1;
				DEVELOPMENT_TEAM = "";
				GENERATE_INFOPLIST_FILE = YES;
				MARKETING_VERSION = 1.0;
				PRODUCT_BUNDLE_IDENTIFIER = com.signatureapi.demo.mobile.uitests;
				PRODUCT_NAME = "$(TARGET_NAME)";
				SWIFT_APPROACHABLE_CONCURRENCY = YES;
				SWIFT_VERSION = 6.0;
				TARGETED_DEVICE_FAMILY = "1,2";
				TEST_TARGET_NAME = SignatureAPIDemo;
			};
			name = Release;
		};
/* End XCBuildConfiguration section */

/* Begin XCConfigurationList section */
		0A0000000000000000000034 /* Build configuration list for PBXNativeTarget "SignatureAPIDemo" */ = {
			isa = XCConfigurationList;
			buildConfigurations = (
				0A0000000000000000000035 /* Debug */,
				0A0000000000000000000036 /* Release */,
			);
			defaultConfigurationIsVisible = 0;
			defaultConfigurationName = Release;
		};
		0A0000000000000000000044 /* Build configuration list for PBXNativeTarget "SignatureAPIDemoUITests" */ = {
			isa = XCConfigurationList;
			buildConfigurations = (
				0A0000000000000000000045 /* Debug */,
				0A0000000000000000000046 /* Release */,
			);
			defaultConfigurationIsVisible = 0;
			defaultConfigurationName = Release;
		};
		0A0000000000000000000050 /* Build configuration list for PBXProject "SignatureAPIDemo" */ = {
			isa = XCConfigurationList;
			buildConfigurations = (
				0A0000000000000000000051 /* Debug */,
				0A0000000000000000000052 /* Release */,
			);
			defaultConfigurationIsVisible = 0;
			defaultConfigurationName = Release;
		};
/* End XCConfigurationList section */
	};
	rootObject = 0A0000000000000000000001 /* Project object */;
}
